
Microsoft Visual Studio Solution File, Format Version 12.00
# Visual Studio Version 17
VisualStudioVersion = 17.11.35222.181
MinimumVisualStudioVersion = 10.0.40219.1
Project("{FAE04EC0-301F-11D3-BF4B-00C04F79EFBC}") = "FrentComparisons", "FrentComparisons\FrentComparisons.csproj", "{872E8444-6BB1-4A28-A021-DC9C94F573BF}"
EndProject
Project("{9A19103F-16F7-4668-BE54-9A1E7A4F7556}") = "Frent", "..\Frent\Frent\Frent.csproj", "{498DA127-E059-4F7D-BF49-6F354D59CA8D}"
EndProject
Project("{9A19103F-16F7-4668-BE54-9A1E7A4F7556}") = "Frent.Variadic.Generator", "..\Frent\Frent.Variadic.Generator\Frent.Variadic.Generator.csproj", "{293602E8-FFE5-4F82-A8AE-8F45A6CA3D50}"
EndProject
Global
	GlobalSection(SolutionConfigurationPlatforms) = preSolution
		Debug|Any CPU = Debug|Any CPU
		Release|Any CPU = Release|Any CPU
	EndGlobalSection
	GlobalSection(ProjectConfigurationPlatforms) = postSolution
		{872E8444-6BB1-4A28-A021-DC9C94F573BF}.Debug|Any CPU.ActiveCfg = Debug|Any CPU
		{872E8444-6BB1-4A28-A021-DC9C94F573BF}.Debug|Any CPU.Build.0 = Debug|Any CPU
		{872E8444-6BB1-4A28-A021-DC9C94F573BF}.Release|Any CPU.ActiveCfg = Release|Any CPU
		{872E8444-6BB1-4A28-A021-DC9C94F573BF}.Release|Any CPU.Build.0 = Release|Any CPU
		{498DA127-E059-4F7D-BF49-6F354D59CA8D}.Debug|Any CPU.ActiveCfg = Debug|Any CPU
		{498DA127-E059-4F7D-BF49-6F354D59CA8D}.Debug|Any CPU.Build.0 = Debug|Any CPU
		{498DA127-E059-4F7D-BF49-6F354D59CA8D}.Release|Any CPU.ActiveCfg = Release|Any CPU
		{498DA127-E059-4F7D-BF49-6F354D59CA8D}.Release|Any CPU.Build.0 = Release|Any CPU
		{293602E8-FFE5-4F82-A8AE-8F45A6CA3D50}.Debug|Any CPU.ActiveCfg = Debug|Any CPU
		{293602E8-FFE5-4F82-A8AE-8F45A6CA3D50}.Debug|Any CPU.Build.0 = Debug|Any CPU
		{293602E8-FFE5-4F82-A8AE-8F45A6CA3D50}.Release|Any CPU.ActiveCfg = Release|Any CPU
		{293602E8-FFE5-4F82-A8AE-8F45A6CA3D50}.Release|Any CPU.Build.0 = Release|Any CPU
	EndGlobalSection
	GlobalSection(SolutionProperties) = preSolution
		HideSolutionNode = FALSE
	EndGlobalSection
	GlobalSection(ExtensibilityGlobals) = postSolution
		SolutionGuid = {76678A2D-853D-4595-A59F-C81BC8543B27}
	EndGlobalSection
EndGlobal
